// !$*UTF8*$!
{
	archiveVersion = 1;
	classes = {
	};
	objectVersion = 46;
	objects = {

/* Begin PBXBuildFile section */
		141FCD1E1A16A83000F5C31A /* main.m in Sources */ = {isa = PBXBuildFile; fileRef = 141FCD1D1A16A83000F5C31A /* main.m */; };
		141FCD211A16A83000F5C31A /* AppDelegate.m in Sources */ = {isa = PBXBuildFile; fileRef = 141FCD201A16A83000F5C31A /* AppDelegate.m */; };
		141FCD241A16A83000F5C31A /* MasterViewController.m in Sources */ = {isa = PBXBuildFile; fileRef = 141FCD231A16A83000F5C31A /* MasterViewController.m */; };
		141FCD271A16A83000F5C31A /* DetailViewController.m in Sources */ = {isa = PBXBuildFile; fileRef = 141FCD261A16A83000F5C31A /* DetailViewController.m */; };
		141FCD2A1A16A83000F5C31A /* Main.storyboard in Resources */ = {isa = PBXBuildFile; fileRef = 141FCD281A16A83000F5C31A /* Main.storyboard */; };
		141FCD2C1A16A83000F5C31A /* Images.xcassets in Resources */ = {isa = PBXBuildFile; fileRef = 141FCD2B1A16A83000F5C31A /* Images.xcassets */; };
		141FCD2F1A16A83000F5C31A /* LaunchScreen.xib in Resources */ = {isa = PBXBuildFile; fileRef = 141FCD2D1A16A83000F5C31A /* LaunchScreen.xib */; };
		141FCD3B1A16A83000F5C31A /* JournalProjectTests.m in Sources */ = {isa = PBXBuildFile; fileRef = 141FCD3A1A16A83000F5C31A /* JournalProjectTests.m */; };
		141FCD461A16A96500F5C31A /* Parse.framework in Frameworks */ = {isa = PBXBuildFile; fileRef = 141FCD451A16A96500F5C31A /* Parse.framework */; };
		141FCD481A16ADB200F5C31A /* SystemConfiguration.framework in Frameworks */ = {isa = PBXBuildFile; fileRef = 141FCD471A16ADB200F5C31A /* SystemConfiguration.framework */; };
		141FCD4A1A16ADBD00F5C31A /* StoreKit.framework in Frameworks */ = {isa = PBXBuildFile; fileRef = 141FCD491A16ADBD00F5C31A /* StoreKit.framework */; };
		141FCD4C1A16ADC800F5C31A /* Security.framework in Frameworks */ = {isa = PBXBuildFile; fileRef = 141FCD4B1A16ADC800F5C31A /* Security.framework */; };
		141FCD4E1A16ADD500F5C31A /* QuartzCore.framework in Frameworks */ = {isa = PBXBuildFile; fileRef = 141FCD4D1A16ADD500F5C31A /* QuartzCore.framework */; };
		141FCD501A16ADE200F5C31A /* MobileCoreServices.framework in Frameworks */ = {isa = PBXBuildFile; fileRef = 141FCD4F1A16ADE200F5C31A /* MobileCoreServices.framework */; };
		141FCD521A16ADEE00F5C31A /* libz.1.1.3.dylib in Frameworks */ = {isa = PBXBuildFile; fileRef = 141FCD511A16ADEE00F5C31A /* libz.1.1.3.dylib */; };
		141FCD541A16ADFB00F5C31A /* CoreLocation.framework in Frameworks */ = {isa = PBXBuildFile; fileRef = 141FCD531A16ADFB00F5C31A /* CoreLocation.framework */; };
		141FCD561A16AE0B00F5C31A /* CFNetwork.framework in Frameworks */ = {isa = PBXBuildFile; fileRef = 141FCD551A16AE0B00F5C31A /* CFNetwork.framework */; };
		141FCD581A16AE1800F5C31A /* AudioToolbox.framework in Frameworks */ = {isa = PBXBuildFile; fileRef = 141FCD571A16AE1800F5C31A /* AudioToolbox.framework */; };
		141FCD5A1A16AE2300F5C31A /* CoreGraphics.framework in Frameworks */ = {isa = PBXBuildFile; fileRef = 141FCD591A16AE2300F5C31A /* CoreGraphics.framework */; };
		141FCD5C1A16AE3000F5C31A /* UIKit.framework in Frameworks */ = {isa = PBXBuildFile; fileRef = 141FCD5B1A16AE3000F5C31A /* UIKit.framework */; };
		141FCD671A1717A000F5C31A /* HomeViewController.m in Sources */ = {isa = PBXBuildFile; fileRef = 141FCD661A1717A000F5C31A /* HomeViewController.m */; };
		141FCD6A1A17CD7A00F5C31A /* RegisterViewController.m in Sources */ = {isa = PBXBuildFile; fileRef = 141FCD691A17CD7A00F5C31A /* RegisterViewController.m */; };
		141FCD6D1A18451900F5C31A /* NewPostViewController.m in Sources */ = {isa = PBXBuildFile; fileRef = 141FCD6C1A18451900F5C31A /* NewPostViewController.m */; };
		148D08E61A2D2741003F3C72 /* GooglePlus.bundle in Resources */ = {isa = PBXBuildFile; fileRef = 148D08E51A2D2741003F3C72 /* GooglePlus.bundle */; };
		148D08E91A2D2867003F3C72 /* MapViewController.m in Sources */ = {isa = PBXBuildFile; fileRef = 148D08E81A2D2867003F3C72 /* MapViewController.m */; };
		148D08EC1A2E6DB2003F3C72 /* MappingViewController.m in Sources */ = {isa = PBXBuildFile; fileRef = 148D08EB1A2E6DB2003F3C72 /* MappingViewController.m */; };
		148D08EF1A2E70C2003F3C72 /* MappingTableViewCell.m in Sources */ = {isa = PBXBuildFile; fileRef = 148D08EE1A2E70C2003F3C72 /* MappingTableViewCell.m */; };
		14AA09391A1A6A7B00BB4054 /* PostViewController.m in Sources */ = {isa = PBXBuildFile; fileRef = 14AA09381A1A6A7B00BB4054 /* PostViewController.m */; };
		14AA093C1A1BFBBF00BB4054 /* ProfileViewController.m in Sources */ = {isa = PBXBuildFile; fileRef = 14AA093B1A1BFBBF00BB4054 /* ProfileViewController.m */; };
		14AA09421A1FFBE800BB4054 /* HomeTableViewCell.m in Sources */ = {isa = PBXBuildFile; fileRef = 14AA09411A1FFBE800BB4054 /* HomeTableViewCell.m */; };
		14AA09451A2011EC00BB4054 /* ProfileTableViewCell.m in Sources */ = {isa = PBXBuildFile; fileRef = 14AA09441A2011EC00BB4054 /* ProfileTableViewCell.m */; };
		14AA09481A201DD600BB4054 /* heart.png in Resources */ = {isa = PBXBuildFile; fileRef = 14AA09471A201DD600BB4054 /* heart.png */; };
		14AA094A1A201DF100BB4054 /* blank_heart.png in Resources */ = {isa = PBXBuildFile; fileRef = 14AA09491A201DF100BB4054 /* blank_heart.png */; };
		14AA094D1A203DBE00BB4054 /* SettingsViewController.m in Sources */ = {isa = PBXBuildFile; fileRef = 14AA094C1A203DBE00BB4054 /* SettingsViewController.m */; };
		14AA094F1A20403100BB4054 /* avatar.png in Resources */ = {isa = PBXBuildFile; fileRef = 14AA094E1A20403100BB4054 /* avatar.png */; };
		14AA09521A211FB400BB4054 /* FollowTableViewController.m in Sources */ = {isa = PBXBuildFile; fileRef = 14AA09511A211FB400BB4054 /* FollowTableViewController.m */; };
		14AA09551A21245A00BB4054 /* FollowTableViewCell.m in Sources */ = {isa = PBXBuildFile; fileRef = 14AA09541A21245A00BB4054 /* FollowTableViewCell.m */; };
		14B52ABB1A2679A200BD7380 /* DiscoverViewController.m in Sources */ = {isa = PBXBuildFile; fileRef = 14B52ABA1A2679A200BD7380 /* DiscoverViewController.m */; };
		14B52ABF1A2C452500BD7380 /* GooglePlus.framework in Frameworks */ = {isa = PBXBuildFile; fileRef = 14B52ABE1A2C452500BD7380 /* GooglePlus.framework */; };
		14B52AC11A2C453B00BD7380 /* GooglePlus.bundle in Frameworks */ = {isa = PBXBuildFile; fileRef = 14B52AC01A2C453B00BD7380 /* GooglePlus.bundle */; };
		14B52AC31A2C454500BD7380 /* GoogleOpenSource.framework in Frameworks */ = {isa = PBXBuildFile; fileRef = 14B52AC21A2C454500BD7380 /* GoogleOpenSource.framework */; };
		14B52AC51A2C456600BD7380 /* AddressBook.framework in Frameworks */ = {isa = PBXBuildFile; fileRef = 14B52AC41A2C456600BD7380 /* AddressBook.framework */; };
		14B52AC71A2C457800BD7380 /* AssetsLibrary.framework in Frameworks */ = {isa = PBXBuildFile; fileRef = 14B52AC61A2C457800BD7380 /* AssetsLibrary.framework */; };
		14B52AC91A2C458800BD7380 /* Foundation.framework in Frameworks */ = {isa = PBXBuildFile; fileRef = 14B52AC81A2C458800BD7380 /* Foundation.framework */; };
		14B52ACB1A2C45A200BD7380 /* CoreMotion.framework in Frameworks */ = {isa = PBXBuildFile; fileRef = 14B52ACA1A2C45A200BD7380 /* CoreMotion.framework */; };
		14B52ACD1A2C45BE00BD7380 /* CoreText.framework in Frameworks */ = {isa = PBXBuildFile; fileRef = 14B52ACC1A2C45BE00BD7380 /* CoreText.framework */; };
		14B52ACF1A2C45CD00BD7380 /* MediaPlayer.framework in Frameworks */ = {isa = PBXBuildFile; fileRef = 14B52ACE1A2C45CD00BD7380 /* MediaPlayer.framework */; };
		14B52AD11A2CE6D500BD7380 /* FacebookSDK.framework in Frameworks */ = {isa = PBXBuildFile; fileRef = 14B52AD01A2CE6D500BD7380 /* FacebookSDK.framework */; };
/* End PBXBuildFile section */

/* Begin PBXContainerItemProxy section */
		141FCD351A16A83000F5C31A /* PBXContainerItemProxy */ = {
			isa = PBXContainerItemProxy;
			containerPortal = 141FCD101A16A83000F5C31A /* Project object */;
			proxyType = 1;
			remoteGlobalIDString = 141FCD171A16A83000F5C31A;
			remoteInfo = JournalProject;
		};
/* End PBXContainerItemProxy section */

/* Begin PBXFileReference section */
		141FCD181A16A83000F5C31A /* JournalProject.app */ = {isa = PBXFileReference; explicitFileType = wrapper.application; includeInIndex = 0; path = JournalProject.app; sourceTree = BUILT_PRODUCTS_DIR; };
		141FCD1C1A16A83000F5C31A /* Info.plist */ = {isa = PBXFileReference; lastKnownFileType = text.plist.xml; path = Info.plist; sourceTree = "<group>"; };
		141FCD1D1A16A83000F5C31A /* main.m */ = {isa = PBXFileReference; lastKnownFileType = sourcecode.c.objc; path = main.m; sourceTree = "<group>"; };
		141FCD1F1A16A83000F5C31A /* AppDelegate.h */ = {isa = PBXFileReference; lastKnownFileType = sourcecode.c.h; path = AppDelegate.h; sourceTree = "<group>"; };
		141FCD201A16A83000F5C31A /* AppDelegate.m */ = {isa = PBXFileReference; lastKnownFileType = sourcecode.c.objc; path = AppDelegate.m; sourceTree = "<group>"; };
		141FCD221A16A83000F5C31A /* MasterViewController.h */ = {isa = PBXFileReference; lastKnownFileType = sourcecode.c.h; path = MasterViewController.h; sourceTree = "<group>"; };
		141FCD231A16A83000F5C31A /* MasterViewController.m */ = {isa = PBXFileReference; lastKnownFileType = sourcecode.c.objc; path = MasterViewController.m; sourceTree = "<group>"; };
		141FCD251A16A83000F5C31A /* DetailViewController.h */ = {isa = PBXFileReference; lastKnownFileType = sourcecode.c.h; path = DetailViewController.h; sourceTree = "<group>"; };
		141FCD261A16A83000F5C31A /* DetailViewController.m */ = {isa = PBXFileReference; lastKnownFileType = sourcecode.c.objc; path = DetailViewController.m; sourceTree = "<group>"; };
		141FCD291A16A83000F5C31A /* Base */ = {isa = PBXFileReference; lastKnownFileType = file.storyboard; name = Base; path = Base.lproj/Main.storyboard; sourceTree = "<group>"; };
		141FCD2B1A16A83000F5C31A /* Images.xcassets */ = {isa = PBXFileReference; lastKnownFileType = folder.assetcatalog; path = Images.xcassets; sourceTree = "<group>"; };
		141FCD2E1A16A83000F5C31A /* Base */ = {isa = PBXFileReference; lastKnownFileType = file.xib; name = Base; path = Base.lproj/LaunchScreen.xib; sourceTree = "<group>"; };
		141FCD341A16A83000F5C31A /* JournalProjectTests.xctest */ = {isa = PBXFileReference; explicitFileType = wrapper.cfbundle; includeInIndex = 0; path = JournalProjectTests.xctest; sourceTree = BUILT_PRODUCTS_DIR; };
		141FCD391A16A83000F5C31A /* Info.plist */ = {isa = PBXFileReference; lastKnownFileType = text.plist.xml; path = Info.plist; sourceTree = "<group>"; };
		141FCD3A1A16A83000F5C31A /* JournalProjectTests.m */ = {isa = PBXFileReference; lastKnownFileType = sourcecode.c.objc; path = JournalProjectTests.m; sourceTree = "<group>"; };
		141FCD451A16A96500F5C31A /* Parse.framework */ = {isa = PBXFileReference; lastKnownFileType = wrapper.framework; name = Parse.framework; path = Frameworks/Parse.framework; sourceTree = "<group>"; };
		141FCD471A16ADB200F5C31A /* SystemConfiguration.framework */ = {isa = PBXFileReference; lastKnownFileType = wrapper.framework; name = SystemConfiguration.framework; path = System/Library/Frameworks/SystemConfiguration.framework; sourceTree = SDKROOT; };
		141FCD491A16ADBD00F5C31A /* StoreKit.framework */ = {isa = PBXFileReference; lastKnownFileType = wrapper.framework; name = StoreKit.framework; path = System/Library/Frameworks/StoreKit.framework; sourceTree = SDKROOT; };
		141FCD4B1A16ADC800F5C31A /* Security.framework */ = {isa = PBXFileReference; lastKnownFileType = wrapper.framework; name = Security.framework; path = System/Library/Frameworks/Security.framework; sourceTree = SDKROOT; };
		141FCD4D1A16ADD500F5C31A /* QuartzCore.framework */ = {isa = PBXFileReference; lastKnownFileType = wrapper.framework; name = QuartzCore.framework; path = System/Library/Frameworks/QuartzCore.framework; sourceTree = SDKROOT; };
		141FCD4F1A16ADE200F5C31A /* MobileCoreServices.framework */ = {isa = PBXFileReference; lastKnownFileType = wrapper.framework; name = MobileCoreServices.framework; path = System/Library/Frameworks/MobileCoreServices.framework; sourceTree = SDKROOT; };
		141FCD511A16ADEE00F5C31A /* libz.1.1.3.dylib */ = {isa = PBXFileReference; lastKnownFileType = "compiled.mach-o.dylib"; name = libz.1.1.3.dylib; path = usr/lib/libz.1.1.3.dylib; sourceTree = SDKROOT; };
		141FCD531A16ADFB00F5C31A /* CoreLocation.framework */ = {isa = PBXFileReference; lastKnownFileType = wrapper.framework; name = CoreLocation.framework; path = System/Library/Frameworks/CoreLocation.framework; sourceTree = SDKROOT; };
		141FCD551A16AE0B00F5C31A /* CFNetwork.framework */ = {isa = PBXFileReference; lastKnownFileType = wrapper.framework; name = CFNetwork.framework; path = System/Library/Frameworks/CFNetwork.framework; sourceTree = SDKROOT; };
		141FCD571A16AE1800F5C31A /* AudioToolbox.framework */ = {isa = PBXFileReference; lastKnownFileType = wrapper.framework; name = AudioToolbox.framework; path = System/Library/Frameworks/AudioToolbox.framework; sourceTree = SDKROOT; };
		141FCD591A16AE2300F5C31A /* CoreGraphics.framework */ = {isa = PBXFileReference; lastKnownFileType = wrapper.framework; name = CoreGraphics.framework; path = System/Library/Frameworks/CoreGraphics.framework; sourceTree = SDKROOT; };
		141FCD5B1A16AE3000F5C31A /* UIKit.framework */ = {isa = PBXFileReference; lastKnownFileType = wrapper.framework; name = UIKit.framework; path = System/Library/Frameworks/UIKit.framework; sourceTree = SDKROOT; };
		141FCD651A1717A000F5C31A /* HomeViewController.h */ = {isa = PBXFileReference; fileEncoding = 4; lastKnownFileType = sourcecode.c.h; path = HomeViewController.h; sourceTree = "<group>"; };
		141FCD661A1717A000F5C31A /* HomeViewController.m */ = {isa = PBXFileReference; fileEncoding = 4; lastKnownFileType = sourcecode.c.objc; path = HomeViewController.m; sourceTree = "<group>"; };
		141FCD681A17CD7A00F5C31A /* RegisterViewController.h */ = {isa = PBXFileReference; fileEncoding = 4; lastKnownFileType = sourcecode.c.h; path = RegisterViewController.h; sourceTree = "<group>"; };
		141FCD691A17CD7A00F5C31A /* RegisterViewController.m */ = {isa = PBXFileReference; fileEncoding = 4; lastKnownFileType = sourcecode.c.objc; path = RegisterViewController.m; sourceTree = "<group>"; };
		141FCD6B1A18451900F5C31A /* NewPostViewController.h */ = {isa = PBXFileReference; fileEncoding = 4; lastKnownFileType = sourcecode.c.h; path = NewPostViewController.h; sourceTree = "<group>"; };
		141FCD6C1A18451900F5C31A /* NewPostViewController.m */ = {isa = PBXFileReference; fileEncoding = 4; lastKnownFileType = sourcecode.c.objc; path = NewPostViewController.m; sourceTree = "<group>"; };
		148D08E51A2D2741003F3C72 /* GooglePlus.bundle */ = {isa = PBXFileReference; lastKnownFileType = "wrapper.plug-in"; name = GooglePlus.bundle; path = Frameworks/GooglePlus.bundle; sourceTree = "<group>"; };
		148D08E71A2D2867003F3C72 /* MapViewController.h */ = {isa = PBXFileReference; fileEncoding = 4; lastKnownFileType = sourcecode.c.h; path = MapViewController.h; sourceTree = "<group>"; };
		148D08E81A2D2867003F3C72 /* MapViewController.m */ = {isa = PBXFileReference; fileEncoding = 4; lastKnownFileType = sourcecode.c.objc; path = MapViewController.m; sourceTree = "<group>"; };
		148D08EA1A2E6DB2003F3C72 /* MappingViewController.h */ = {isa = PBXFileReference; fileEncoding = 4; lastKnownFileType = sourcecode.c.h; path = MappingViewController.h; sourceTree = "<group>"; };
		148D08EB1A2E6DB2003F3C72 /* MappingViewController.m */ = {isa = PBXFileReference; fileEncoding = 4; lastKnownFileType = sourcecode.c.objc; path = MappingViewController.m; sourceTree = "<group>"; };
		148D08ED1A2E70C2003F3C72 /* MappingTableViewCell.h */ = {isa = PBXFileReference; fileEncoding = 4; lastKnownFileType = sourcecode.c.h; path = MappingTableViewCell.h; sourceTree = "<group>"; };
		148D08EE1A2E70C2003F3C72 /* MappingTableViewCell.m */ = {isa = PBXFileReference; fileEncoding = 4; lastKnownFileType = sourcecode.c.objc; path = MappingTableViewCell.m; sourceTree = "<group>"; };
		14AA09371A1A6A7B00BB4054 /* PostViewController.h */ = {isa = PBXFileReference; fileEncoding = 4; lastKnownFileType = sourcecode.c.h; path = PostViewController.h; sourceTree = "<group>"; };
		14AA09381A1A6A7B00BB4054 /* PostViewController.m */ = {isa = PBXFileReference; fileEncoding = 4; lastKnownFileType = sourcecode.c.objc; path = PostViewController.m; sourceTree = "<group>"; };
		14AA093A1A1BFBBF00BB4054 /* ProfileViewController.h */ = {isa = PBXFileReference; fileEncoding = 4; lastKnownFileType = sourcecode.c.h; path = ProfileViewController.h; sourceTree = "<group>"; };
		14AA093B1A1BFBBF00BB4054 /* ProfileViewController.m */ = {isa = PBXFileReference; fileEncoding = 4; lastKnownFileType = sourcecode.c.objc; path = ProfileViewController.m; sourceTree = "<group>"; };
		14AA09401A1FFBE800BB4054 /* HomeTableViewCell.h */ = {isa = PBXFileReference; fileEncoding = 4; lastKnownFileType = sourcecode.c.h; path = HomeTableViewCell.h; sourceTree = "<group>"; };
		14AA09411A1FFBE800BB4054 /* HomeTableViewCell.m */ = {isa = PBXFileReference; fileEncoding = 4; lastKnownFileType = sourcecode.c.objc; path = HomeTableViewCell.m; sourceTree = "<group>"; };
		14AA09431A2011EC00BB4054 /* ProfileTableViewCell.h */ = {isa = PBXFileReference; fileEncoding = 4; lastKnownFileType = sourcecode.c.h; path = ProfileTableViewCell.h; sourceTree = "<group>"; };
		14AA09441A2011EC00BB4054 /* ProfileTableViewCell.m */ = {isa = PBXFileReference; fileEncoding = 4; lastKnownFileType = sourcecode.c.objc; path = ProfileTableViewCell.m; sourceTree = "<group>"; };
		14AA09471A201DD600BB4054 /* heart.png */ = {isa = PBXFileReference; lastKnownFileType = image.png; path = heart.png; sourceTree = "<group>"; };
		14AA09491A201DF100BB4054 /* blank_heart.png */ = {isa = PBXFileReference; lastKnownFileType = image.png; path = blank_heart.png; sourceTree = "<group>"; };
		14AA094B1A203DBE00BB4054 /* SettingsViewController.h */ = {isa = PBXFileReference; fileEncoding = 4; lastKnownFileType = sourcecode.c.h; path = SettingsViewController.h; sourceTree = "<group>"; };
		14AA094C1A203DBE00BB4054 /* SettingsViewController.m */ = {isa = PBXFileReference; fileEncoding = 4; lastKnownFileType = sourcecode.c.objc; path = SettingsViewController.m; sourceTree = "<group>"; };
		14AA094E1A20403100BB4054 /* avatar.png */ = {isa = PBXFileReference; lastKnownFileType = image.png; path = avatar.png; sourceTree = "<group>"; };
		14AA09501A211FB400BB4054 /* FollowTableViewController.h */ = {isa = PBXFileReference; fileEncoding = 4; lastKnownFileType = sourcecode.c.h; path = FollowTableViewController.h; sourceTree = "<group>"; };
		14AA09511A211FB400BB4054 /* FollowTableViewController.m */ = {isa = PBXFileReference; fileEncoding = 4; lastKnownFileType = sourcecode.c.objc; path = FollowTableViewController.m; sourceTree = "<group>"; };
		14AA09531A21245A00BB4054 /* FollowTableViewCell.h */ = {isa = PBXFileReference; fileEncoding = 4; lastKnownFileType = sourcecode.c.h; path = FollowTableViewCell.h; sourceTree = "<group>"; };
		14AA09541A21245A00BB4054 /* FollowTableViewCell.m */ = {isa = PBXFileReference; fileEncoding = 4; lastKnownFileType = sourcecode.c.objc; path = FollowTableViewCell.m; sourceTree = "<group>"; };
		14B52AB91A2679A200BD7380 /* DiscoverViewController.h */ = {isa = PBXFileReference; fileEncoding = 4; lastKnownFileType = sourcecode.c.h; path = DiscoverViewController.h; sourceTree = "<group>"; };
		14B52ABA1A2679A200BD7380 /* DiscoverViewController.m */ = {isa = PBXFileReference; fileEncoding = 4; lastKnownFileType = sourcecode.c.objc; path = DiscoverViewController.m; sourceTree = "<group>"; };
		14B52ABE1A2C452500BD7380 /* GooglePlus.framework */ = {isa = PBXFileReference; lastKnownFileType = wrapper.framework; name = GooglePlus.framework; path = Frameworks/GooglePlus.framework; sourceTree = "<group>"; };
		14B52AC01A2C453B00BD7380 /* GooglePlus.bundle */ = {isa = PBXFileReference; lastKnownFileType = "wrapper.plug-in"; name = GooglePlus.bundle; path = Frameworks/GooglePlus.bundle; sourceTree = "<group>"; };
		14B52AC21A2C454500BD7380 /* GoogleOpenSource.framework */ = {isa = PBXFileReference; lastKnownFileType = wrapper.framework; name = GoogleOpenSource.framework; path = Frameworks/GoogleOpenSource.framework; sourceTree = "<group>"; };
		14B52AC41A2C456600BD7380 /* AddressBook.framework */ = {isa = PBXFileReference; lastKnownFileType = wrapper.framework; name = AddressBook.framework; path = System/Library/Frameworks/AddressBook.framework; sourceTree = SDKROOT; };
		14B52AC61A2C457800BD7380 /* AssetsLibrary.framework */ = {isa = PBXFileReference; lastKnownFileType = wrapper.framework; name = AssetsLibrary.framework; path = System/Library/Frameworks/AssetsLibrary.framework; sourceTree = SDKROOT; };
		14B52AC81A2C458800BD7380 /* Foundation.framework */ = {isa = PBXFileReference; lastKnownFileType = wrapper.framework; name = Foundation.framework; path = System/Library/Frameworks/Foundation.framework; sourceTree = SDKROOT; };
		14B52ACA1A2C45A200BD7380 /* CoreMotion.framework */ = {isa = PBXFileReference; lastKnownFileType = wrapper.framework; name = CoreMotion.framework; path = System/Library/Frameworks/CoreMotion.framework; sourceTree = SDKROOT; };
		14B52ACC1A2C45BE00BD7380 /* CoreText.framework */ = {isa = PBXFileReference; lastKnownFileType = wrapper.framework; name = CoreText.framework; path = System/Library/Frameworks/CoreText.framework; sourceTree = SDKROOT; };
		14B52ACE1A2C45CD00BD7380 /* MediaPlayer.framework */ = {isa = PBXFileReference; lastKnownFileType = wrapper.framework; name = MediaPlayer.framework; path = System/Library/Frameworks/MediaPlayer.framework; sourceTree = SDKROOT; };
		14B52AD01A2CE6D500BD7380 /* FacebookSDK.framework */ = {isa = PBXFileReference; lastKnownFileType = wrapper.framework; name = FacebookSDK.framework; path = Frameworks/FacebookSDK.framework; sourceTree = "<group>"; };
/* End PBXFileReference section */

/* Begin PBXFrameworksBuildPhase section */
		141FCD151A16A83000F5C31A /* Frameworks */ = {
			isa = PBXFrameworksBuildPhase;
			buildActionMask = 2147483647;
			files = (
				14B52AD11A2CE6D500BD7380 /* FacebookSDK.framework in Frameworks */,
				14B52ACF1A2C45CD00BD7380 /* MediaPlayer.framework in Frameworks */,
				14B52ACD1A2C45BE00BD7380 /* CoreText.framework in Frameworks */,
				14B52ACB1A2C45A200BD7380 /* CoreMotion.framework in Frameworks */,
				14B52AC91A2C458800BD7380 /* Foundation.framework in Frameworks */,
				14B52AC71A2C457800BD7380 /* AssetsLibrary.framework in Frameworks */,
				14B52AC51A2C456600BD7380 /* AddressBook.framework in Frameworks */,
				14B52AC31A2C454500BD7380 /* GoogleOpenSource.framework in Frameworks */,
				14B52AC11A2C453B00BD7380 /* GooglePlus.bundle in Frameworks */,
				14B52ABF1A2C452500BD7380 /* GooglePlus.framework in Frameworks */,
				141FCD5C1A16AE3000F5C31A /* UIKit.framework in Frameworks */,
				141FCD5A1A16AE2300F5C31A /* CoreGraphics.framework in Frameworks */,
				141FCD581A16AE1800F5C31A /* AudioToolbox.framework in Frameworks */,
				141FCD561A16AE0B00F5C31A /* CFNetwork.framework in Frameworks */,
				141FCD541A16ADFB00F5C31A /* CoreLocation.framework in Frameworks */,
				141FCD521A16ADEE00F5C31A /* libz.1.1.3.dylib in Frameworks */,
				141FCD501A16ADE200F5C31A /* MobileCoreServices.framework in Frameworks */,
				141FCD4E1A16ADD500F5C31A /* QuartzCore.framework in Frameworks */,
				141FCD4C1A16ADC800F5C31A /* Security.framework in Frameworks */,
				141FCD4A1A16ADBD00F5C31A /* StoreKit.framework in Frameworks */,
				141FCD481A16ADB200F5C31A /* SystemConfiguration.framework in Frameworks */,
				141FCD461A16A96500F5C31A /* Parse.framework in Frameworks */,
			);
			runOnlyForDeploymentPostprocessing = 0;
		};
		141FCD311A16A83000F5C31A /* Frameworks */ = {
			isa = PBXFrameworksBuildPhase;
			buildActionMask = 2147483647;
			files = (
			);
			runOnlyForDeploymentPostprocessing = 0;
		};
/* End PBXFrameworksBuildPhase section */

/* Begin PBXGroup section */
		141FCD0F1A16A83000F5C31A = {
			isa = PBXGroup;
			children = (
				14AA09461A201DAC00BB4054 /* Images */,
				141FCD441A16A86700F5C31A /* Frameworks */,
				141FCD1A1A16A83000F5C31A /* JournalProject */,
				141FCD371A16A83000F5C31A /* JournalProjectTests */,
				141FCD191A16A83000F5C31A /* Products */,
			);
			sourceTree = "<group>";
		};
		141FCD191A16A83000F5C31A /* Products */ = {
			isa = PBXGroup;
			children = (
				141FCD181A16A83000F5C31A /* JournalProject.app */,
				141FCD341A16A83000F5C31A /* JournalProjectTests.xctest */,
			);
			name = Products;
			sourceTree = "<group>";
		};
		141FCD1A1A16A83000F5C31A /* JournalProject */ = {
			isa = PBXGroup;
			children = (
				141FCD1F1A16A83000F5C31A /* AppDelegate.h */,
				141FCD201A16A83000F5C31A /* AppDelegate.m */,
				141FCD221A16A83000F5C31A /* MasterViewController.h */,
				141FCD231A16A83000F5C31A /* MasterViewController.m */,
				141FCD251A16A83000F5C31A /* DetailViewController.h */,
				141FCD261A16A83000F5C31A /* DetailViewController.m */,
				141FCD651A1717A000F5C31A /* HomeViewController.h */,
				141FCD661A1717A000F5C31A /* HomeViewController.m */,
				141FCD681A17CD7A00F5C31A /* RegisterViewController.h */,
				141FCD691A17CD7A00F5C31A /* RegisterViewController.m */,
				141FCD6B1A18451900F5C31A /* NewPostViewController.h */,
				141FCD6C1A18451900F5C31A /* NewPostViewController.m */,
				14AA09371A1A6A7B00BB4054 /* PostViewController.h */,
				14AA09381A1A6A7B00BB4054 /* PostViewController.m */,
				14AA093A1A1BFBBF00BB4054 /* ProfileViewController.h */,
				14AA093B1A1BFBBF00BB4054 /* ProfileViewController.m */,
				14AA094B1A203DBE00BB4054 /* SettingsViewController.h */,
				14AA094C1A203DBE00BB4054 /* SettingsViewController.m */,
				14AA09501A211FB400BB4054 /* FollowTableViewController.h */,
				14AA09511A211FB400BB4054 /* FollowTableViewController.m */,
				14B52AB91A2679A200BD7380 /* DiscoverViewController.h */,
				14B52ABA1A2679A200BD7380 /* DiscoverViewController.m */,
				148D08E71A2D2867003F3C72 /* MapViewController.h */,
				148D08E81A2D2867003F3C72 /* MapViewController.m */,
				148D08EA1A2E6DB2003F3C72 /* MappingViewController.h */,
				148D08EB1A2E6DB2003F3C72 /* MappingViewController.m */,
				141FCD281A16A83000F5C31A /* Main.storyboard */,
				141FCD2B1A16A83000F5C31A /* Images.xcassets */,
				141FCD2D1A16A83000F5C31A /* LaunchScreen.xib */,
				141FCD1B1A16A83000F5C31A /* Supporting Files */,
				14AA09401A1FFBE800BB4054 /* HomeTableViewCell.h */,
				14AA09411A1FFBE800BB4054 /* HomeTableViewCell.m */,
				14AA09431A2011EC00BB4054 /* ProfileTableViewCell.h */,
				14AA09441A2011EC00BB4054 /* ProfileTableViewCell.m */,
				14AA09531A21245A00BB4054 /* FollowTableViewCell.h */,
				14AA09541A21245A00BB4054 /* FollowTableViewCell.m */,
				148D08ED1A2E70C2003F3C72 /* MappingTableViewCell.h */,
				148D08EE1A2E70C2003F3C72 /* MappingTableViewCell.m */,
			);
			path = JournalProject;
			sourceTree = "<group>";
		};
		141FCD1B1A16A83000F5C31A /* Supporting Files */ = {
			isa = PBXGroup;
			children = (
				141FCD1C1A16A83000F5C31A /* Info.plist */,
				141FCD1D1A16A83000F5C31A /* main.m */,
			);
			name = "Supporting Files";
			sourceTree = "<group>";
		};
		141FCD371A16A83000F5C31A /* JournalProjectTests */ = {
			isa = PBXGroup;
			children = (
				141FCD3A1A16A83000F5C31A /* JournalProjectTests.m */,
				141FCD381A16A83000F5C31A /* Supporting Files */,
			);
			path = JournalProjectTests;
			sourceTree = "<group>";
		};
		141FCD381A16A83000F5C31A /* Supporting Files */ = {
			isa = PBXGroup;
			children = (
				141FCD391A16A83000F5C31A /* Info.plist */,
			);
			name = "Supporting Files";
			sourceTree = "<group>";
		};
		141FCD441A16A86700F5C31A /* Frameworks */ = {
			isa = PBXGroup;
			children = (
				148D08E51A2D2741003F3C72 /* GooglePlus.bundle */,
				14B52AD01A2CE6D500BD7380 /* FacebookSDK.framework */,
				14B52ACE1A2C45CD00BD7380 /* MediaPlayer.framework */,
				14B52ACC1A2C45BE00BD7380 /* CoreText.framework */,
				14B52ACA1A2C45A200BD7380 /* CoreMotion.framework */,
				14B52AC81A2C458800BD7380 /* Foundation.framework */,
				14B52AC61A2C457800BD7380 /* AssetsLibrary.framework */,
				14B52AC41A2C456600BD7380 /* AddressBook.framework */,
				14B52AC21A2C454500BD7380 /* GoogleOpenSource.framework */,
				14B52AC01A2C453B00BD7380 /* GooglePlus.bundle */,
				14B52ABE1A2C452500BD7380 /* GooglePlus.framework */,
				141FCD5B1A16AE3000F5C31A /* UIKit.framework */,
				141FCD591A16AE2300F5C31A /* CoreGraphics.framework */,
				141FCD571A16AE1800F5C31A /* AudioToolbox.framework */,
				141FCD551A16AE0B00F5C31A /* CFNetwork.framework */,
				141FCD531A16ADFB00F5C31A /* CoreLocation.framework */,
				141FCD511A16ADEE00F5C31A /* libz.1.1.3.dylib */,
				141FCD4F1A16ADE200F5C31A /* MobileCoreServices.framework */,
				141FCD4D1A16ADD500F5C31A /* QuartzCore.framework */,
				141FCD4B1A16ADC800F5C31A /* Security.framework */,
				141FCD491A16ADBD00F5C31A /* StoreKit.framework */,
				141FCD471A16ADB200F5C31A /* SystemConfiguration.framework */,
				141FCD451A16A96500F5C31A /* Parse.framework */,
			);
			name = Frameworks;
			sourceTree = "<group>";
		};
		14AA09461A201DAC00BB4054 /* Images */ = {
			isa = PBXGroup;
			children = (
				14AA094E1A20403100BB4054 /* avatar.png */,
				14AA09491A201DF100BB4054 /* blank_heart.png */,
				14AA09471A201DD600BB4054 /* heart.png */,
			);
			name = Images;
			sourceTree = "<group>";
		};
/* End PBXGroup section */

/* Begin PBXNativeTarget section */
		141FCD171A16A83000F5C31A /* JournalProject */ = {
			isa = PBXNativeTarget;
			buildConfigurationList = 141FCD3E1A16A83000F5C31A /* Build configuration list for PBXNativeTarget "JournalProject" */;
			buildPhases = (
				141FCD141A16A83000F5C31A /* Sources */,
				141FCD151A16A83000F5C31A /* Frameworks */,
				141FCD161A16A83000F5C31A /* Resources */,
			);
			buildRules = (
			);
			dependencies = (
			);
			name = JournalProject;
			productName = JournalProject;
			productReference = 141FCD181A16A83000F5C31A /* JournalProject.app */;
			productType = "com.apple.product-type.application";
		};
		141FCD331A16A83000F5C31A /* JournalProjectTests */ = {
			isa = PBXNativeTarget;
			buildConfigurationList = 141FCD411A16A83000F5C31A /* Build configuration list for PBXNativeTarget "JournalProjectTests" */;
			buildPhases = (
				141FCD301A16A83000F5C31A /* Sources */,
				141FCD311A16A83000F5C31A /* Frameworks */,
				141FCD321A16A83000F5C31A /* Resources */,
			);
			buildRules = (
			);
			dependencies = (
				141FCD361A16A83000F5C31A /* PBXTargetDependency */,
			);
			name = JournalProjectTests;
			productName = JournalProjectTests;
			productReference = 141FCD341A16A83000F5C31A /* JournalProjectTests.xctest */;
			productType = "com.apple.product-type.bundle.unit-test";
		};
/* End PBXNativeTarget section */

/* Begin PBXProject section */
		141FCD101A16A83000F5C31A /* Project object */ = {
			isa = PBXProject;
			attributes = {
				LastUpgradeCheck = 0610;
				TargetAttributes = {
					141FCD171A16A83000F5C31A = {
						CreatedOnToolsVersion = 6.1;
					};
					141FCD331A16A83000F5C31A = {
						CreatedOnToolsVersion = 6.1;
						TestTargetID = 141FCD171A16A83000F5C31A;
					};
				};
			};
			buildConfigurationList = 141FCD131A16A83000F5C31A /* Build configuration list for PBXProject "JournalProject" */;
			compatibilityVersion = "Xcode 3.2";
			developmentRegion = English;
			hasScannedForEncodings = 0;
			knownRegions = (
				en,
				Base,
			);
			mainGroup = 141FCD0F1A16A83000F5C31A;
			productRefGroup = 141FCD191A16A83000F5C31A /* Products */;
			projectDirPath = "";
			projectRoot = "";
			targets = (
				141FCD171A16A83000F5C31A /* JournalProject */,
				141FCD331A16A83000F5C31A /* JournalProjectTests */,
			);
		};
/* End PBXProject section */

/* Begin PBXResourcesBuildPhase section */
		141FCD161A16A83000F5C31A /* Resources */ = {
			isa = PBXResourcesBuildPhase;
			buildActionMask = 2147483647;
			files = (
				14AA094F1A20403100BB4054 /* avatar.png in Resources */,
				14AA094A1A201DF100BB4054 /* blank_heart.png in Resources */,
				14AA09481A201DD600BB4054 /* heart.png in Resources */,
				141FCD2A1A16A83000F5C31A /* Main.storyboard in Resources */,
				141FCD2F1A16A83000F5C31A /* LaunchScreen.xib in Resources */,
				148D08E61A2D2741003F3C72 /* GooglePlus.bundle in Resources */,
				141FCD2C1A16A83000F5C31A /* Images.xcassets in Resources */,
			);
			runOnlyForDeploymentPostprocessing = 0;
		};
		141FCD321A16A83000F5C31A /* Resources */ = {
			isa = PBXResourcesBuildPhase;
			buildActionMask = 2147483647;
			files = (
			);
			runOnlyForDeploymentPostprocessing = 0;
		};
/* End PBXResourcesBuildPhase section */

/* Begin PBXSourcesBuildPhase section */
		141FCD141A16A83000F5C31A /* Sources */ = {
			isa = PBXSourcesBuildPhase;
			buildActionMask = 2147483647;
			files = (
				141FCD6D1A18451900F5C31A /* NewPostViewController.m in Sources */,
				14AA093C1A1BFBBF00BB4054 /* ProfileViewController.m in Sources */,
				14AA09421A1FFBE800BB4054 /* HomeTableViewCell.m in Sources */,
				14AA09521A211FB400BB4054 /* FollowTableViewController.m in Sources */,
				14AA09551A21245A00BB4054 /* FollowTableViewCell.m in Sources */,
				14AA094D1A203DBE00BB4054 /* SettingsViewController.m in Sources */,
				148D08EF1A2E70C2003F3C72 /* MappingTableViewCell.m in Sources */,
				14AA09451A2011EC00BB4054 /* ProfileTableViewCell.m in Sources */,
				141FCD211A16A83000F5C31A /* AppDelegate.m in Sources */,
				141FCD6A1A17CD7A00F5C31A /* RegisterViewController.m in Sources */,
				141FCD241A16A83000F5C31A /* MasterViewController.m in Sources */,
				14B52ABB1A2679A200BD7380 /* DiscoverViewController.m in Sources */,
				148D08E91A2D2867003F3C72 /* MapViewController.m in Sources */,
				14AA09391A1A6A7B00BB4054 /* PostViewController.m in Sources */,
				141FCD1E1A16A83000F5C31A /* main.m in Sources */,
				141FCD671A1717A000F5C31A /* HomeViewController.m in Sources */,
				141FCD271A16A83000F5C31A /* DetailViewController.m in Sources */,
				148D08EC1A2E6DB2003F3C72 /* MappingViewController.m in Sources */,
			);
			runOnlyForDeploymentPostprocessing = 0;
		};
		141FCD301A16A83000F5C31A /* Sources */ = {
			isa = PBXSourcesBuildPhase;
			buildActionMask = 2147483647;
			files = (
				141FCD3B1A16A83000F5C31A /* JournalProjectTests.m in Sources */,
			);
			runOnlyForDeploymentPostprocessing = 0;
		};
/* End PBXSourcesBuildPhase section */

/* Begin PBXTargetDependency section */
		141FCD361A16A83000F5C31A /* PBXTargetDependency */ = {
			isa = PBXTargetDependency;
			target = 141FCD171A16A83000F5C31A /* JournalProject */;
			targetProxy = 141FCD351A16A83000F5C31A /* PBXContainerItemProxy */;
		};
/* End PBXTargetDependency section */

/* Begin PBXVariantGroup section */
		141FCD281A16A83000F5C31A /* Main.storyboard */ = {
			isa = PBXVariantGroup;
			children = (
				141FCD291A16A83000F5C31A /* Base */,
			);
			name = Main.storyboard;
			sourceTree = "<group>";
		};
		141FCD2D1A16A83000F5C31A /* LaunchScreen.xib */ = {
			isa = PBXVariantGroup;
			children = (
				141FCD2E1A16A83000F5C31A /* Base */,
			);
			name = LaunchScreen.xib;
			sourceTree = "<group>";
		};
/* End PBXVariantGroup section */

/* Begin XCBuildConfiguration section */
		141FCD3C1A16A83000F5C31A /* Debug */ = {
			isa = XCBuildConfiguration;
			buildSettings = {
				ALWAYS_SEARCH_USER_PATHS = NO;
				CLANG_CXX_LANGUAGE_STANDARD = "gnu++0x";
				CLANG_CXX_LIBRARY = "libc++";
				CLANG_ENABLE_MODULES = YES;
				CLANG_ENABLE_OBJC_ARC = YES;
				CLANG_WARN_BOOL_CONVERSION = YES;
				CLANG_WARN_CONSTANT_CONVERSION = YES;
				CLANG_WARN_DIRECT_OBJC_ISA_USAGE = YES_ERROR;
				CLANG_WARN_EMPTY_BODY = YES;
				CLANG_WARN_ENUM_CONVERSION = YES;
				CLANG_WARN_INT_CONVERSION = YES;
				CLANG_WARN_OBJC_ROOT_CLASS = YES_ERROR;
				CLANG_WARN_UNREACHABLE_CODE = YES;
				CLANG_WARN__DUPLICATE_METHOD_MATCH = YES;
				"CODE_SIGN_IDENTITY[sdk=iphoneos*]" = "iPhone Developer";
				COPY_PHASE_STRIP = NO;
				ENABLE_STRICT_OBJC_MSGSEND = YES;
				GCC_C_LANGUAGE_STANDARD = gnu99;
				GCC_DYNAMIC_NO_PIC = NO;
				GCC_OPTIMIZATION_LEVEL = 0;
				GCC_PREPROCESSOR_DEFINITIONS = (
					"DEBUG=1",
					"$(inherited)",
				);
				GCC_SYMBOLS_PRIVATE_EXTERN = NO;
				GCC_WARN_64_TO_32_BIT_CONVERSION = YES;
				GCC_WARN_ABOUT_RETURN_TYPE = YES_ERROR;
				GCC_WARN_UNDECLARED_SELECTOR = YES;
				GCC_WARN_UNINITIALIZED_AUTOS = YES_AGGRESSIVE;
				GCC_WARN_UNUSED_FUNCTION = YES;
				GCC_WARN_UNUSED_VARIABLE = YES;
				IPHONEOS_DEPLOYMENT_TARGET = 8.1;
				MTL_ENABLE_DEBUG_INFO = YES;
				ONLY_ACTIVE_ARCH = YES;
				SDKROOT = iphoneos;
				TARGETED_DEVICE_FAMILY = 2;
			};
			name = Debug;
		};
		141FCD3D1A16A83000F5C31A /* Release */ = {
			isa = XCBuildConfiguration;
			buildSettings = {
				ALWAYS_SEARCH_USER_PATHS = NO;
				CLANG_CXX_LANGUAGE_STANDARD = "gnu++0x";
				CLANG_CXX_LIBRARY = "libc++";
				CLANG_ENABLE_MODULES = YES;
				CLANG_ENABLE_OBJC_ARC = YES;
				CLANG_WARN_BOOL_CONVERSION = YES;
				CLANG_WARN_CONSTANT_CONVERSION = YES;
				CLANG_WARN_DIRECT_OBJC_ISA_USAGE = YES_ERROR;
				CLANG_WARN_EMPTY_BODY = YES;
				CLANG_WARN_ENUM_CONVERSION = YES;
				CLANG_WARN_INT_CONVERSION = YES;
				CLANG_WARN_OBJC_ROOT_CLASS = YES_ERROR;
				CLANG_WARN_UNREACHABLE_CODE = YES;
				CLANG_WARN__DUPLICATE_METHOD_MATCH = YES;
				"CODE_SIGN_IDENTITY[sdk=iphoneos*]" = "iPhone Developer";
				COPY_PHASE_STRIP = YES;
				ENABLE_NS_ASSERTIONS = NO;
				ENABLE_STRICT_OBJC_MSGSEND = YES;
				GCC_C_LANGUAGE_STANDARD = gnu99;
				GCC_WARN_64_TO_32_BIT_CONVERSION = YES;
				GCC_WARN_ABOUT_RETURN_TYPE = YES_ERROR;
				GCC_WARN_UNDECLARED_SELECTOR = YES;
				GCC_WARN_UNINITIALIZED_AUTOS = YES_AGGRESSIVE;
				GCC_WARN_UNUSED_FUNCTION = YES;
				GCC_WARN_UNUSED_VARIABLE = YES;
				IPHONEOS_DEPLOYMENT_TARGET = 8.1;
				MTL_ENABLE_DEBUG_INFO = NO;
				SDKROOT = iphoneos;
				TARGETED_DEVICE_FAMILY = 2;
				VALIDATE_PRODUCT = YES;
			};
			name = Release;
		};
		141FCD3F1A16A83000F5C31A /* Debug */ = {
			isa = XCBuildConfiguration;
			buildSettings = {
				ASSETCATALOG_COMPILER_APPICON_NAME = AppIcon;
				FRAMEWORK_SEARCH_PATHS = (
					"$(inherited)",
					"$(PROJECT_DIR)/Frameworks",
				);
				INFOPLIST_FILE = JournalProject/Info.plist;
				LD_RUNPATH_SEARCH_PATHS = "$(inherited) @executable_path/Frameworks";
				OTHER_LDFLAGS = "-ObjC";
				PRODUCT_NAME = "$(TARGET_NAME)";
			};
			name = Debug;
		};
		141FCD401A16A83000F5C31A /* Release */ = {
			isa = XCBuildConfiguration;
			buildSettings = {
				ASSETCATALOG_COMPILER_APPICON_NAME = AppIcon;
				FRAMEWORK_SEARCH_PATHS = (
					"$(inherited)",
					"$(PROJECT_DIR)/Frameworks",
				);
				INFOPLIST_FILE = JournalProject/Info.plist;
				LD_RUNPATH_SEARCH_PATHS = "$(inherited) @executable_path/Frameworks";
				OTHER_LDFLAGS = "-ObjC";
				PRODUCT_NAME = "$(TARGET_NAME)";
			};
			name = Release;
		};
		141FCD421A16A83000F5C31A /* Debug */ = {
			isa = XCBuildConfiguration;
			buildSettings = {
				BUNDLE_LOADER = "$(TEST_HOST)";
				FRAMEWORK_SEARCH_PATHS = (
					"$(SDKROOT)/Developer/Library/Frameworks",
					"$(inherited)",
				);
				GCC_PREPROCESSOR_DEFINITIONS = (
					"DEBUG=1",
					"$(inherited)",
				);
				INFOPLIST_FILE = JournalProjectTests/Info.plist;
				LD_RUNPATH_SEARCH_PATHS = "$(inherited) @executable_path/Frameworks @loader_path/Frameworks";
				PRODUCT_NAME = "$(TARGET_NAME)";
				TEST_HOST = "$(BUILT_PRODUCTS_DIR)/JournalProject.app/JournalProject";
			};
			name = Debug;
		};
		141FCD431A16A83000F5C31A /* Release */ = {
			isa = XCBuildConfiguration;
			buildSettings = {
				BUNDLE_LOADER = "$(TEST_HOST)";
				FRAMEWORK_SEARCH_PATHS = (
					"$(SDKROOT)/Developer/Library/Frameworks",
					"$(inherited)",
				);
				INFOPLIST_FILE = JournalProjectTests/Info.plist;
				LD_RUNPATH_SEARCH_PATHS = "$(inherited) @executable_path/Frameworks @loader_path/Frameworks";
				PRODUCT_NAME = "$(TARGET_NAME)";
				TEST_HOST = "$(BUILT_PRODUCTS_DIR)/JournalProject.app/JournalProject";
			};
			name = Release;
		};
/* End XCBuildConfiguration section */

/* Begin XCConfigurationList section */
		141FCD131A16A83000F5C31A /* Build configuration list for PBXProject "JournalProject" */ = {
			isa = XCConfigurationList;
			buildConfigurations = (
				141FCD3C1A16A83000F5C31A /* Debug */,
				141FCD3D1A16A83000F5C31A /* Release */,
			);
			defaultConfigurationIsVisible = 0;
			defaultConfigurationName = Release;
		};
		141FCD3E1A16A83000F5C31A /* Build configuration list for PBXNativeTarget "JournalProject" */ = {
			isa = XCConfigurationList;
			buildConfigurations = (
				141FCD3F1A16A83000F5C31A /* Debug */,
				141FCD401A16A83000F5C31A /* Release */,
			);
			defaultConfigurationIsVisible = 0;
			defaultConfigurationName = Release;
		};
		141FCD411A16A83000F5C31A /* Build configuration list for PBXNativeTarget "JournalProjectTests" */ = {
			isa = XCConfigurationList;
			buildConfigurations = (
				141FCD421A16A83000F5C31A /* Debug */,
				141FCD431A16A83000F5C31A /* Release */,
			);
			defaultConfigurationIsVisible = 0;
			defaultConfigurationName = Release;
		};
/* End XCConfigurationList section */
	};
	rootObject = 141FCD101A16A83000F5C31A /* Project object */;
}
